
Microsoft Visual Studio Solution File, Format Version 12.00
# Visual Studio 2012
Project("{FAE04EC0-301F-11D3-BF4B-00C04F79EFBC}") = "BasicMvc4Project", "BasicMvc4Project\BasicMvc4Project.csproj", "{DD1DF32B-8831-4BCB-B9AC-3F79620962D3}"
EndProject
Project("{FAE04EC0-301F-11D3-BF4B-00C04F79EFBC}") = "InternetApplicationMvc4Project", "InternetApplicationMvc4Project\InternetApplicationMvc4Project.csproj", "{E6182119-6AFD-4A85-9D9E-8E66A4DCBF7E}"
EndProject
Global
	GlobalSection(SolutionConfigurationPlatforms) = preSolution
		Debug|Any CPU = Debug|Any CPU
		Release|Any CPU = Release|Any CPU
	EndGlobalSection
	GlobalSection(ProjectConfigurationPlatforms) = postSolution
		{DD1DF32B-8831-4BCB-B9AC-3F79620962D3}.Debug|Any CPU.ActiveCfg = Debug|Any CPU
		{DD1DF32B-8831-4BCB-B9AC-3F79620962D3}.Debug|Any CPU.Build.0 = Debug|Any CPU
		{DD1DF32B-8831-4BCB-B9AC-3F79620962D3}.Release|Any CPU.ActiveCfg = Release|Any CPU
		{DD1DF32B-8831-4BCB-B9AC-3F79620962D3}.Release|Any CPU.Build.0 = Release|Any CPU
		{E6182119-6AFD-4A85-9D9E-8E66A4DCBF7E}.Debug|Any CPU.ActiveCfg = Debug|Any CPU
		{E6182119-6AFD-4A85-9D9E-8E66A4DCBF7E}.Debug|Any CPU.Build.0 = Debug|Any CPU
		{E6182119-6AFD-4A85-9D9E-8E66A4DCBF7E}.Release|Any CPU.ActiveCfg = Release|Any CPU
		{E6182119-6AFD-4A85-9D9E-8E66A4DCBF7E}.Release|Any CPU.Build.0 = Release|Any CPU
	EndGlobalSection
	GlobalSection(SolutionProperties) = preSolution
		HideSolutionNode = FALSE
	EndGlobalSection
EndGlobal
